
Microsoft Visual Studio Solution File, Format Version 12.00
# Visual Studio Version 17
VisualStudioVersion = 17.13.35919.96
MinimumVisualStudioVersion = 10.0.40219.1
Project("{FAE04EC0-301F-11D3-BF4B-00C04F79EFBC}") = "FIFO1", "FIFO\FIFO1.csproj", "{6CD749E5-8133-478B-8F8D-E3F596E9B6F5}"
EndProject
Global
	GlobalSection(SolutionConfigurationPlatforms) = preSolution
		Debug|Any CPU = Debug|Any CPU
		Release|Any CPU = Release|Any CPU
	EndGlobalSection
	GlobalSection(ProjectConfigurationPlatforms) = postSolution
		{6CD749E5-8133-478B-8F8D-E3F596E9B6F5}.Debug|Any CPU.ActiveCfg = Debug|Any CPU
		{6CD749E5-8133-478B-8F8D-E3F596E9B6F5}.Debug|Any CPU.Build.0 = Debug|Any CPU
		{6CD749E5-8133-478B-8F8D-E3F596E9B6F5}.Release|Any CPU.ActiveCfg = Release|Any CPU
		{6CD749E5-8133-478B-8F8D-E3F596E9B6F5}.Release|Any CPU.Build.0 = Release|Any CPU
	EndGlobalSection
	GlobalSection(SolutionProperties) = preSolution
		HideSolutionNode = FALSE
	EndGlobalSection
	GlobalSection(ExtensibilityGlobals) = postSolution
		SolutionGuid = {CC3CFC21-265D-4993-B891-C1C45885AFC2}
	EndGlobalSection
EndGlobal
